<?xml version="1.0" encoding="utf-8"?>
<Project ToolsVersion="4.0" xmlns="http://schemas.microsoft.com/developer/msbuild/2003">
  <ItemGroup>
    <Filter Include="Source Files">
      <UniqueIdentifier>{4B96E0E4-0713-4A31-8F05-0200BBDFA4A3}</UniqueIdentifier>
      <Extensions>cpp;c;cc;cxx;def;odl;idl;hpj;bat;asm;asmx</Extensions>
    </Filter>
  </ItemGroup>
  <ItemGroup>
    <ClCompile Include="dictionary_loader_tests.cpp">
      <Filter>Source Files</Filter>
    </ClCompile>
    <ClCompile Include="conversion_provider_tests.cpp">
      <Filter>Source Files</Filter>
    </ClCompile>
    <ClCompile Include="..\\..\\src\\provider\\dictionary_conversion_provider.cpp">
      <Filter>Source Files</Filter>
    </ClCompile>
    <ClCompile Include="..\\..\\src\\provider\\mozc_transport.cpp">
      <Filter>Source Files</Filter>
    </ClCompile>
    <ClCompile Include="..\\..\\tools\\mozc_bridge\\main.cpp">
      <Filter>Source Files</Filter>
    </ClCompile>
    <ClCompile Include="..\\..\\Ime3\\rtas_preserved_guids.cpp">
      <Filter>Source Files</Filter>
    </ClCompile>
    <ClCompile Include="..\\..\\Ime3\\rtas_translation.cpp">
      <Filter>Source Files</Filter>
    </ClCompile>
    <ClCompile Include="..\\..\\Ime3\\rtas_utils.cpp">
      <Filter>Source Files</Filter>
    </ClCompile>
  </ItemGroup>
</Project>
